
Microsoft Visual Studio Solution File, Format Version 12.00
# Visual Studio 15
VisualStudioVersion = 15.0.28307.645
MinimumVisualStudioVersion = 10.0.40219.1
Project("{FAE04EC0-301F-11D3-BF4B-00C04F79EFBC}") = "ContainerFilters", "ContainerFilters\ContainerFilters.csproj", "{F4EA6245-9B6D-41AB-AC3E-1A825C0D90B7}"
EndProject
Global
	GlobalSection(SolutionConfigurationPlatforms) = preSolution
		Debug|Any CPU = Debug|Any CPU
		Release|Any CPU = Release|Any CPU
	EndGlobalSection
	GlobalSection(ProjectConfigurationPlatforms) = postSolution
		{F4EA6245-9B6D-41AB-AC3E-1A825C0D90B7}.Debug|Any CPU.ActiveCfg = Debug|Any CPU
		{F4EA6245-9B6D-41AB-AC3E-1A825C0D90B7}.Debug|Any CPU.Build.0 = Debug|Any CPU
		{F4EA6245-9B6D-41AB-AC3E-1A825C0D90B7}.Release|Any CPU.ActiveCfg = Release|Any CPU
		{F4EA6245-9B6D-41AB-AC3E-1A825C0D90B7}.Release|Any CPU.Build.0 = Release|Any CPU
	EndGlobalSection
	GlobalSection(SolutionProperties) = preSolution
		HideSolutionNode = FALSE
	EndGlobalSection
	GlobalSection(ExtensibilityGlobals) = postSolution
		SolutionGuid = {2C41CE82-119C-4949-AFF8-DAA342AEEA7D}
	EndGlobalSection
EndGlobal
